
Microsoft Visual Studio Solution File, Format Version 12.00
# Visual Studio 15
VisualStudioVersion = 15.0.28307.1259
MinimumVisualStudioVersion = 10.0.40219.1
Project("{FAE04EC0-301F-11D3-BF4B-00C04F79EFBC}") = "HelloWorldC", "HelloWorldC\HelloWorldC.csproj", "{46695C8E-B5C5-45EA-AFF0-F407936253FA}"
EndProject
Global
	GlobalSection(SolutionConfigurationPlatforms) = preSolution
		Debug|Any CPU = Debug|Any CPU
		Release|Any CPU = Release|Any CPU
	EndGlobalSection
	GlobalSection(ProjectConfigurationPlatforms) = postSolution
		{46695C8E-B5C5-45EA-AFF0-F407936253FA}.Debug|Any CPU.ActiveCfg = Debug|Any CPU
		{46695C8E-B5C5-45EA-AFF0-F407936253FA}.Debug|Any CPU.Build.0 = Debug|Any CPU
		{46695C8E-B5C5-45EA-AFF0-F407936253FA}.Release|Any CPU.ActiveCfg = Release|Any CPU
		{46695C8E-B5C5-45EA-AFF0-F407936253FA}.Release|Any CPU.Build.0 = Release|Any CPU
	EndGlobalSection
	GlobalSection(SolutionProperties) = preSolution
		HideSolutionNode = FALSE
	EndGlobalSection
	GlobalSection(ExtensibilityGlobals) = postSolution
		SolutionGuid = {852740CA-3F19-42D4-A5B8-345CD51C7DD1}
	EndGlobalSection
EndGlobal
